
Microsoft Visual Studio Solution File, Format Version 12.00
# Visual Studio Version 17
VisualStudioVersion = 17.0.32112.339
MinimumVisualStudioVersion = 10.0.40219.1
Project("{F184B08F-C81C-45F6-A57F-5ABD9991F28F}") = "Video_138", "Video_138\Video_138.vbproj", "{D99CE745-1C5B-4CBC-89E4-D794567C3700}"
EndProject
Global
	GlobalSection(SolutionConfigurationPlatforms) = preSolution
		Debug|Any CPU = Debug|Any CPU
		Release|Any CPU = Release|Any CPU
	EndGlobalSection
	GlobalSection(ProjectConfigurationPlatforms) = postSolution
		{D99CE745-1C5B-4CBC-89E4-D794567C3700}.Debug|Any CPU.ActiveCfg = Debug|Any CPU
		{D99CE745-1C5B-4CBC-89E4-D794567C3700}.Debug|Any CPU.Build.0 = Debug|Any CPU
		{D99CE745-1C5B-4CBC-89E4-D794567C3700}.Release|Any CPU.ActiveCfg = Release|Any CPU
		{D99CE745-1C5B-4CBC-89E4-D794567C3700}.Release|Any CPU.Build.0 = Release|Any CPU
	EndGlobalSection
	GlobalSection(SolutionProperties) = preSolution
		HideSolutionNode = FALSE
	EndGlobalSection
	GlobalSection(ExtensibilityGlobals) = postSolution
		SolutionGuid = {C06D3364-72D5-4C3F-85D7-D7CD0D91C50A}
	EndGlobalSection
EndGlobal
